// !$*UTF8*$!
{
	archiveVersion = 1;
	classes = {
	};
	objectVersion = 50;
	objects = {

/* Begin PBXBuildFile section */
		16BAC9392343B19E0029E420 /* Model.swift in Sources */ = {isa = PBXBuildFile; fileRef = 16BAC9382343B19E0029E420 /* Model.swift */; };
		16F20B46233E5DD700CC561E /* AppDelegate.swift in Sources */ = {isa = PBXBuildFile; fileRef = 16F20B45233E5DD700CC561E /* AppDelegate.swift */; };
		16F20B48233E5DD700CC561E /* SceneDelegate.swift in Sources */ = {isa = PBXBuildFile; fileRef = 16F20B47233E5DD700CC561E /* SceneDelegate.swift */; };
		16F20B4A233E5DD700CC561E /* ViewController.swift in Sources */ = {isa = PBXBuildFile; fileRef = 16F20B49233E5DD700CC561E /* ViewController.swift */; };
		16F20B4D233E5DD700CC561E /* Main.storyboard in Resources */ = {isa = PBXBuildFile; fileRef = 16F20B4B233E5DD700CC561E /* Main.storyboard */; };
		16F20B4F233E5DD900CC561E /* Assets.xcassets in Resources */ = {isa = PBXBuildFile; fileRef = 16F20B4E233E5DD900CC561E /* Assets.xcassets */; };
		16F20B52233E5DD900CC561E /* LaunchScreen.storyboard in Resources */ = {isa = PBXBuildFile; fileRef = 16F20B50233E5DD900CC561E /* LaunchScreen.storyboard */; };
/* End PBXBuildFile section */

/* Begin PBXFileReference section */
		16BAC9382343B19E0029E420 /* Model.swift */ = {isa = PBXFileReference; lastKnownFileType = sourcecode.swift; path = Model.swift; sourceTree = "<group>"; };
		16F20B42233E5DD700CC561E /* ForeCast.app */ = {isa = PBXFileReference; explicitFileType = wrapper.application; includeInIndex = 0; path = ForeCast.app; sourceTree = BUILT_PRODUCTS_DIR; };
		16F20B45233E5DD700CC561E /* AppDelegate.swift */ = {isa = PBXFileReference; lastKnownFileType = sourcecode.swift; path = AppDelegate.swift; sourceTree = "<group>"; };
		16F20B47233E5DD700CC561E /* SceneDelegate.swift */ = {isa = PBXFileReference; lastKnownFileType = sourcecode.swift; path = SceneDelegate.swift; sourceTree = "<group>"; };
		16F20B49233E5DD700CC561E /* ViewController.swift */ = {isa = PBXFileReference; lastKnownFileType = sourcecode.swift; path = ViewController.swift; sourceTree = "<group>"; };
		16F20B4C233E5DD700CC561E /* Base */ = {isa = PBXFileReference; lastKnownFileType = file.storyboard; name = Base; path = Base.lproj/Main.storyboard; sourceTree = "<group>"; };
		16F20B4E233E5DD900CC561E /* Assets.xcassets */ = {isa = PBXFileReference; lastKnownFileType = folder.assetcatalog; path = Assets.xcassets; sourceTree = "<group>"; };
		16F20B51233E5DD900CC561E /* Base */ = {isa = PBXFileReference; lastKnownFileType = file.storyboard; name = Base; path = Base.lproj/LaunchScreen.storyboard; sourceTree = "<group>"; };
		16F20B53233E5DD900CC561E /* Info.plist */ = {isa = PBXFileReference; lastKnownFileType = text.plist.xml; path = Info.plist; sourceTree = "<group>"; };
/* End PBXFileReference section */

/* Begin PBXFrameworksBuildPhase section */
		16F20B3F233E5DD700CC561E /* Frameworks */ = {
			isa = PBXFrameworksBuildPhase;
			buildActionMask = 2147483647;
			files = (
			);
			runOnlyForDeploymentPostprocessing = 0;
		};
/* End PBXFrameworksBuildPhase section */

/* Begin PBXGroup section */
		16BAC9372343B0910029E420 /* Model */ = {
			isa = PBXGroup;
			children = (
				16BAC9382343B19E0029E420 /* Model.swift */,
			);
			path = Model;
			sourceTree = "<group>";
		};
		16F20B39233E5DD700CC561E = {
			isa = PBXGroup;
			children = (
				16F20B44233E5DD700CC561E /* ForeCast */,
				16F20B43233E5DD700CC561E /* Products */,
			);
			sourceTree = "<group>";
		};
		16F20B43233E5DD700CC561E /* Products */ = {
			isa = PBXGroup;
			children = (
				16F20B42233E5DD700CC561E /* ForeCast.app */,
			);
			name = Products;
			sourceTree = "<group>";
		};
		16F20B44233E5DD700CC561E /* ForeCast */ = {
			isa = PBXGroup;
			children = (
				16BAC9372343B0910029E420 /* Model */,
				16F20B45233E5DD700CC561E /* AppDelegate.swift */,
				16F20B47233E5DD700CC561E /* SceneDelegate.swift */,
				16F20B49233E5DD700CC561E /* ViewController.swift */,
				16F20B4B233E5DD700CC561E /* Main.storyboard */,
				16F20B4E233E5DD900CC561E /* Assets.xcassets */,
				16F20B50233E5DD900CC561E /* LaunchScreen.storyboard */,
				16F20B53233E5DD900CC561E /* Info.plist */,
			);
			path = ForeCast;
			sourceTree = "<group>";
		};
/* End PBXGroup section */

/* Begin PBXNativeTarget section */
		16F20B41233E5DD700CC561E /* ForeCast */ = {
			isa = PBXNativeTarget;
			buildConfigurationList = 16F20B56233E5DD900CC561E /* Build configuration list for PBXNativeTarget "ForeCast" */;
			buildPhases = (
				16F20B3E233E5DD700CC561E /* Sources */,
				16F20B3F233E5DD700CC561E /* Frameworks */,
				16F20B40233E5DD700CC561E /* Resources */,
			);
			buildRules = (
			);
			dependencies = (
			);
			name = ForeCast;
			productName = ForeCast;
			productReference = 16F20B42233E5DD700CC561E /* ForeCast.app */;
			productType = "com.apple.product-type.application";
		};
/* End PBXNativeTarget section */

/* Begin PBXProject section */
		16F20B3A233E5DD700CC561E /* Project object */ = {
			isa = PBXProject;
			attributes = {
				LastSwiftUpdateCheck = 1100;
				LastUpgradeCheck = 1100;
				ORGANIZATIONNAME = Prog;
				TargetAttributes = {
					16F20B41233E5DD700CC561E = {
						CreatedOnToolsVersion = 11.0;
					};
				};
			};
			buildConfigurationList = 16F20B3D233E5DD700CC561E /* Build configuration list for PBXProject "ForeCast" */;
			compatibilityVersion = "Xcode 9.3";
			developmentRegion = en;
			hasScannedForEncodings = 0;
			knownRegions = (
				en,
				Base,
			);
			mainGroup = 16F20B39233E5DD700CC561E;
			productRefGroup = 16F20B43233E5DD700CC561E /* Products */;
			projectDirPath = "";
			projectRoot = "";
			targets = (
				16F20B41233E5DD700CC561E /* ForeCast */,
			);
		};
/* End PBXProject section */

/* Begin PBXResourcesBuildPhase section */
		16F20B40233E5DD700CC561E /* Resources */ = {
			isa = PBXResourcesBuildPhase;
			buildActionMask = 2147483647;
			files = (
				16F20B52233E5DD900CC561E /* LaunchScreen.storyboard in Resources */,
				16F20B4F233E5DD900CC561E /* Assets.xcassets in Resources */,
				16F20B4D233E5DD700CC561E /* Main.storyboard in Resources */,
			);
			runOnlyForDeploymentPostprocessing = 0;
		};
/* End PBXResourcesBuildPhase section */

/* Begin PBXSourcesBuildPhase section */
		16F20B3E233E5DD700CC561E /* Sources */ = {
			isa = PBXSourcesBuildPhase;
			buildActionMask = 2147483647;
			files = (
				16F20B4A233E5DD700CC561E /* ViewController.swift in Sources */,
				16BAC9392343B19E0029E420 /* Model.swift in Sources */,
				16F20B46233E5DD700CC561E /* AppDelegate.swift in Sources */,
				16F20B48233E5DD700CC561E /* SceneDelegate.swift in Sources */,
			);
			runOnlyForDeploymentPostprocessing = 0;
		};
/* End PBXSourcesBuildPhase section */

/* Begin PBXVariantGroup section */
		16F20B4B233E5DD700CC561E /* Main.storyboard */ = {
			isa = PBXVariantGroup;
			children = (
				16F20B4C233E5DD700CC561E /* Base */,
			);
			name = Main.storyboard;
			sourceTree = "<group>";
		};
		16F20B50233E5DD900CC561E /* LaunchScreen.storyboard */ = {
			isa = PBXVariantGroup;
			children = (
				16F20B51233E5DD900CC561E /* Base */,
			);
			name = LaunchScreen.storyboard;
			sourceTree = "<group>";
		};
/* End PBXVariantGroup section */

/* Begin XCBuildConfiguration section */
		16F20B54233E5DD900CC561E /* Debug */ = {
			isa = XCBuildConfiguration;
			buildSettings = {
				ALWAYS_SEARCH_USER_PATHS = NO;
				CLANG_ANALYZER_NONNULL = YES;
				CLANG_ANALYZER_NUMBER_OBJECT_CONVERSION = YES_AGGRESSIVE;
				CLANG_CXX_LANGUAGE_STANDARD = "gnu++14";
				CLANG_CXX_LIBRARY = "libc++";
				CLANG_ENABLE_MODULES = YES;
				CLANG_ENABLE_OBJC_ARC = YES;
				CLANG_ENABLE_OBJC_WEAK = YES;
				CLANG_WARN_BLOCK_CAPTURE_AUTORELEASING = YES;
				CLANG_WARN_BOOL_CONVERSION = YES;
				CLANG_WARN_COMMA = YES;
				CLANG_WARN_CONSTANT_CONVERSION = YES;
				CLANG_WARN_DEPRECATED_OBJC_IMPLEMENTATIONS = YES;
				CLANG_WARN_DIRECT_OBJC_ISA_USAGE = YES_ERROR;
				CLANG_WARN_DOCUMENTATION_COMMENTS = YES;
				CLANG_WARN_EMPTY_BODY = YES;
				CLANG_WARN_ENUM_CONVERSION = YES;
				CLANG_WARN_INFINITE_RECURSION = YES;
				CLANG_WARN_INT_CONVERSION = YES;
				CLANG_WARN_NON_LITERAL_NULL_CONVERSION = YES;
				CLANG_WARN_OBJC_IMPLICIT_RETAIN_SELF = YES;
				CLANG_WARN_OBJC_LITERAL_CONVERSION = YES;
				CLANG_WARN_OBJC_ROOT_CLASS = YES_ERROR;
				CLANG_WARN_RANGE_LOOP_ANALYSIS = YES;
				CLANG_WARN_STRICT_PROTOTYPES = YES;
				CLANG_WARN_SUSPICIOUS_MOVE = YES;
				CLANG_WARN_UNGUARDED_AVAILABILITY = YES_AGGRESSIVE;
				CLANG_WARN_UNREACHABLE_CODE = YES;
				CLANG_WARN__DUPLICATE_METHOD_MATCH = YES;
				COPY_PHASE_STRIP = NO;
				DEBUG_INFORMATION_FORMAT = dwarf;
				ENABLE_STRICT_OBJC_MSGSEND = YES;
				ENABLE_TESTABILITY = YES;
				GCC_C_LANGUAGE_STANDARD = gnu11;
				GCC_DYNAMIC_NO_PIC = NO;
				GCC_NO_COMMON_BLOCKS = YES;
				GCC_OPTIMIZATION_LEVEL = 0;
				GCC_PREPROCESSOR_DEFINITIONS = (
					"DEBUG=1",
					"$(inherited)",
				);
				GCC_WARN_64_TO_32_BIT_CONVERSION = YES;
				GCC_WARN_ABOUT_RETURN_TYPE = YES_ERROR;
				GCC_WARN_UNDECLARED_SELECTOR = YES;
				GCC_WARN_UNINITIALIZED_AUTOS = YES_AGGRESSIVE;
				GCC_WARN_UNUSED_FUNCTION = YES;
				GCC_WARN_UNUSED_VARIABLE = YES;
				IPHONEOS_DEPLOYMENT_TARGET = 13.0;
				MTL_ENABLE_DEBUG_INFO = INCLUDE_SOURCE;
				MTL_FAST_MATH = YES;
				ONLY_ACTIVE_ARCH = YES;
				SDKROOT = iphoneos;
				SWIFT_ACTIVE_COMPILATION_CONDITIONS = DEBUG;
				SWIFT_OPTIMIZATION_LEVEL = "-Onone";
			};
			name = Debug;
		};
		16F20B55233E5DD900CC561E /* Release */ = {
			isa = XCBuildConfiguration;
			buildSettings = {
				ALWAYS_SEARCH_USER_PATHS = NO;
				CLANG_ANALYZER_NONNULL = YES;
				CLANG_ANALYZER_NUMBER_OBJECT_CONVERSION = YES_AGGRESSIVE;
				CLANG_CXX_LANGUAGE_STANDARD = "gnu++14";
				CLANG_CXX_LIBRARY = "libc++";
				CLANG_ENABLE_MODULES = YES;
				CLANG_ENABLE_OBJC_ARC = YES;
				CLANG_ENABLE_OBJC_WEAK = YES;
				CLANG_WARN_BLOCK_CAPTURE_AUTORELEASING = YES;
				CLANG_WARN_BOOL_CONVERSION = YES;
				CLANG_WARN_COMMA = YES;
				CLANG_WARN_CONSTANT_CONVERSION = YES;
				CLANG_WARN_DEPRECATED_OBJC_IMPLEMENTATIONS = YES;
				CLANG_WARN_DIRECT_OBJC_ISA_USAGE = YES_ERROR;
				CLANG_WARN_DOCUMENTATION_COMMENTS = YES;
				CLANG_WARN_EMPTY_BODY = YES;
				CLANG_WARN_ENUM_CONVERSION = YES;
				CLANG_WARN_INFINITE_RECURSION = YES;
				CLANG_WARN_INT_CONVERSION = YES;
				CLANG_WARN_NON_LITERAL_NULL_CONVERSION = YES;
				CLANG_WARN_OBJC_IMPLICIT_RETAIN_SELF = YES;
				CLANG_WARN_OBJC_LITERAL_CONVERSION = YES;
				CLANG_WARN_OBJC_ROOT_CLASS = YES_ERROR;
				CLANG_WARN_RANGE_LOOP_ANALYSIS = YES;
				CLANG_WARN_STRICT_PROTOTYPES = YES;
				CLANG_WARN_SUSPICIOUS_MOVE = YES;
				CLANG_WARN_UNGUARDED_AVAILABILITY = YES_AGGRESSIVE;
				CLANG_WARN_UNREACHABLE_CODE = YES;
				CLANG_WARN__DUPLICATE_METHOD_MATCH = YES;
				COPY_PHASE_STRIP = NO;
				DEBUG_INFORMATION_FORMAT = "dwarf-with-dsym";
				ENABLE_NS_ASSERTIONS = NO;
				ENABLE_STRICT_OBJC_MSGSEND = YES;
				GCC_C_LANGUAGE_STANDARD = gnu11;
				GCC_NO_COMMON_BLOCKS = YES;
				GCC_WARN_64_TO_32_BIT_CONVERSION = YES;
				GCC_WARN_ABOUT_RETURN_TYPE = YES_ERROR;
				GCC_WARN_UNDECLARED_SELECTOR = YES;
				GCC_WARN_UNINITIALIZED_AUTOS = YES_AGGRESSIVE;
				GCC_WARN_UNUSED_FUNCTION = YES;
				GCC_WARN_UNUSED_VARIABLE = YES;
				IPHONEOS_DEPLOYMENT_TARGET = 13.0;
				MTL_ENABLE_DEBUG_INFO = NO;
				MTL_FAST_MATH = YES;
				SDKROOT = iphoneos;
				SWIFT_COMPILATION_MODE = wholemodule;
				SWIFT_OPTIMIZATION_LEVEL = "-O";
				VALIDATE_PRODUCT = YES;
			};
			name = Release;
		};
		16F20B57233E5DD900CC561E /* Debug */ = {
			isa = XCBuildConfiguration;
			buildSettings = {
				ASSETCATALOG_COMPILER_APPICON_NAME = AppIcon;
				CODE_SIGN_STYLE = Automatic;
				INFOPLIST_FILE = ForeCast/Info.plist;
				LD_RUNPATH_SEARCH_PATHS = (
					"$(inherited)",
					"@executable_path/Frameworks",
				);
				PRODUCT_BUNDLE_IDENTIFIER = com.alcibierceballos.demo.ForeCast;
				PRODUCT_NAME = "$(TARGET_NAME)";
				SWIFT_VERSION = 5.0;
				TARGETED_DEVICE_FAMILY = "1,2";
			};
			name = Debug;
		};
		16F20B58233E5DD900CC561E /* Release */ = {
			isa = XCBuildConfiguration;
			buildSettings = {
				ASSETCATALOG_COMPILER_APPICON_NAME = AppIcon;
				CODE_SIGN_STYLE = Automatic;
				INFOPLIST_FILE = ForeCast/Info.plist;
				LD_RUNPATH_SEARCH_PATHS = (
					"$(inherited)",
					"@executable_path/Frameworks",
				);
				PRODUCT_BUNDLE_IDENTIFIER = com.alcibierceballos.demo.ForeCast;
				PRODUCT_NAME = "$(TARGET_NAME)";
				SWIFT_VERSION = 5.0;
				TARGETED_DEVICE_FAMILY = "1,2";
			};
			name = Release;
		};
/* End XCBuildConfiguration section */

/* Begin XCConfigurationList section */
		16F20B3D233E5DD700CC561E /* Build configuration list for PBXProject "ForeCast" */ = {
			isa = XCConfigurationList;
			buildConfigurations = (
				16F20B54233E5DD900CC561E /* Debug */,
				16F20B55233E5DD900CC561E /* Release */,
			);
			defaultConfigurationIsVisible = 0;
			defaultConfigurationName = Release;
		};
		16F20B56233E5DD900CC561E /* Build configuration list for PBXNativeTarget "ForeCast" */ = {
			isa = XCConfigurationList;
			buildConfigurations = (
				16F20B57233E5DD900CC561E /* Debug */,
				16F20B58233E5DD900CC561E /* Release */,
			);
			defaultConfigurationIsVisible = 0;
			defaultConfigurationName = Release;
		};
/* End XCConfigurationList section */
	};
	rootObject = 16F20B3A233E5DD700CC561E /* Project object */;
}
